// !$*UTF8*$!
{
	archiveVersion = 1;
	classes = {
	};
	objectVersion = 50;
	objects = {

/* Begin PBXBuildFile section */
		953FF8E324EF721800B33CA7 /* Main.storyboard in Resources */ = {isa = PBXBuildFile; fileRef = 953FF8E124EF721800B33CA7 /* Main.storyboard */; };
		953FF8E924EFA7F800B33CA7 /* ImageDetailViewController.swift in Sources */ = {isa = PBXBuildFile; fileRef = 953FF8E824EFA7F800B33CA7 /* ImageDetailViewController.swift */; };
		953FF8EB24EFA87800B33CA7 /* ImageViewController.swift in Sources */ = {isa = PBXBuildFile; fileRef = 953FF8EA24EFA87800B33CA7 /* ImageViewController.swift */; };
		9576955D24EDEC460005107F /* AppDelegate.swift in Sources */ = {isa = PBXBuildFile; fileRef = 9576955C24EDEC460005107F /* AppDelegate.swift */; };
		9576955F24EDEC460005107F /* SceneDelegate.swift in Sources */ = {isa = PBXBuildFile; fileRef = 9576955E24EDEC460005107F /* SceneDelegate.swift */; };
		9576956124EDEC460005107F /* MasterViewController.swift in Sources */ = {isa = PBXBuildFile; fileRef = 9576956024EDEC460005107F /* MasterViewController.swift */; };
		9576956824EDEC480005107F /* Assets.xcassets in Resources */ = {isa = PBXBuildFile; fileRef = 9576956724EDEC480005107F /* Assets.xcassets */; };
		9576956B24EDEC480005107F /* LaunchScreen.storyboard in Resources */ = {isa = PBXBuildFile; fileRef = 9576956924EDEC480005107F /* LaunchScreen.storyboard */; };
		9576957324EDF21E0005107F /* PhotoInfo.swift in Sources */ = {isa = PBXBuildFile; fileRef = 9576957224EDF21E0005107F /* PhotoInfo.swift */; };
		95E1C43E24F3A2B000A6BC43 /* NetworkController.swift in Sources */ = {isa = PBXBuildFile; fileRef = 95E1C43D24F3A2B000A6BC43 /* NetworkController.swift */; };
/* End PBXBuildFile section */

/* Begin PBXFileReference section */
		953FF8E224EF721800B33CA7 /* Base */ = {isa = PBXFileReference; lastKnownFileType = file.storyboard; name = Base; path = Base.lproj/Main.storyboard; sourceTree = "<group>"; };
		953FF8E824EFA7F800B33CA7 /* ImageDetailViewController.swift */ = {isa = PBXFileReference; lastKnownFileType = sourcecode.swift; path = ImageDetailViewController.swift; sourceTree = "<group>"; };
		953FF8EA24EFA87800B33CA7 /* ImageViewController.swift */ = {isa = PBXFileReference; lastKnownFileType = sourcecode.swift; path = ImageViewController.swift; sourceTree = "<group>"; };
		9576955924EDEC460005107F /* NasaAstroCalendar.app */ = {isa = PBXFileReference; explicitFileType = wrapper.application; includeInIndex = 0; path = NasaAstroCalendar.app; sourceTree = BUILT_PRODUCTS_DIR; };
		9576955C24EDEC460005107F /* AppDelegate.swift */ = {isa = PBXFileReference; lastKnownFileType = sourcecode.swift; path = AppDelegate.swift; sourceTree = "<group>"; };
		9576955E24EDEC460005107F /* SceneDelegate.swift */ = {isa = PBXFileReference; lastKnownFileType = sourcecode.swift; path = SceneDelegate.swift; sourceTree = "<group>"; };
		9576956024EDEC460005107F /* MasterViewController.swift */ = {isa = PBXFileReference; lastKnownFileType = sourcecode.swift; path = MasterViewController.swift; sourceTree = "<group>"; };
		9576956724EDEC480005107F /* Assets.xcassets */ = {isa = PBXFileReference; lastKnownFileType = folder.assetcatalog; path = Assets.xcassets; sourceTree = "<group>"; };
		9576956A24EDEC480005107F /* Base */ = {isa = PBXFileReference; lastKnownFileType = file.storyboard; name = Base; path = Base.lproj/LaunchScreen.storyboard; sourceTree = "<group>"; };
		9576956C24EDEC480005107F /* Info.plist */ = {isa = PBXFileReference; lastKnownFileType = text.plist.xml; path = Info.plist; sourceTree = "<group>"; };
		9576957224EDF21E0005107F /* PhotoInfo.swift */ = {isa = PBXFileReference; lastKnownFileType = sourcecode.swift; path = PhotoInfo.swift; sourceTree = "<group>"; };
		95E1C43D24F3A2B000A6BC43 /* NetworkController.swift */ = {isa = PBXFileReference; lastKnownFileType = sourcecode.swift; path = NetworkController.swift; sourceTree = "<group>"; };
/* End PBXFileReference section */

/* Begin PBXFrameworksBuildPhase section */
		9576955624EDEC460005107F /* Frameworks */ = {
			isa = PBXFrameworksBuildPhase;
			buildActionMask = 2147483647;
			files = (
			);
			runOnlyForDeploymentPostprocessing = 0;
		};
/* End PBXFrameworksBuildPhase section */

/* Begin PBXGroup section */
		9576955024EDEC460005107F = {
			isa = PBXGroup;
			children = (
				9576955B24EDEC460005107F /* NasaAstroCalendar */,
				9576955A24EDEC460005107F /* Products */,
			);
			sourceTree = "<group>";
		};
		9576955A24EDEC460005107F /* Products */ = {
			isa = PBXGroup;
			children = (
				9576955924EDEC460005107F /* NasaAstroCalendar.app */,
			);
			name = Products;
			sourceTree = "<group>";
		};
		9576955B24EDEC460005107F /* NasaAstroCalendar */ = {
			isa = PBXGroup;
			children = (
				9576955C24EDEC460005107F /* AppDelegate.swift */,
				9576955E24EDEC460005107F /* SceneDelegate.swift */,
				95E1C43B24F3973400A6BC43 /* Controller */,
				95E1C43A24F3970900A6BC43 /* Model */,
				95E1C43C24F3974800A6BC43 /* View */,
				9576956724EDEC480005107F /* Assets.xcassets */,
				9576956924EDEC480005107F /* LaunchScreen.storyboard */,
				9576956C24EDEC480005107F /* Info.plist */,
			);
			path = NasaAstroCalendar;
			sourceTree = "<group>";
		};
		95E1C43A24F3970900A6BC43 /* Model */ = {
			isa = PBXGroup;
			children = (
				9576957224EDF21E0005107F /* PhotoInfo.swift */,
			);
			path = Model;
			sourceTree = "<group>";
		};
		95E1C43B24F3973400A6BC43 /* Controller */ = {
			isa = PBXGroup;
			children = (
				9576956024EDEC460005107F /* MasterViewController.swift */,
				953FF8EA24EFA87800B33CA7 /* ImageViewController.swift */,
				953FF8E824EFA7F800B33CA7 /* ImageDetailViewController.swift */,
				95E1C43D24F3A2B000A6BC43 /* NetworkController.swift */,
			);
			path = Controller;
			sourceTree = "<group>";
		};
		95E1C43C24F3974800A6BC43 /* View */ = {
			isa = PBXGroup;
			children = (
				953FF8E124EF721800B33CA7 /* Main.storyboard */,
			);
			path = View;
			sourceTree = "<group>";
		};
/* End PBXGroup section */

/* Begin PBXNativeTarget section */
		9576955824EDEC460005107F /* NasaAstroCalendar */ = {
			isa = PBXNativeTarget;
			buildConfigurationList = 9576956F24EDEC480005107F /* Build configuration list for PBXNativeTarget "NasaAstroCalendar" */;
			buildPhases = (
				9576955524EDEC460005107F /* Sources */,
				9576955624EDEC460005107F /* Frameworks */,
				9576955724EDEC460005107F /* Resources */,
			);
			buildRules = (
			);
			dependencies = (
			);
			name = NasaAstroCalendar;
			productName = NasaAstroCalendar;
			productReference = 9576955924EDEC460005107F /* NasaAstroCalendar.app */;
			productType = "com.apple.product-type.application";
		};
/* End PBXNativeTarget section */

/* Begin PBXProject section */
		9576955124EDEC460005107F /* Project object */ = {
			isa = PBXProject;
			attributes = {
				LastSwiftUpdateCheck = 1160;
				LastUpgradeCheck = 1160;
				ORGANIZATIONNAME = "Lamphai Intathep";
				TargetAttributes = {
					9576955824EDEC460005107F = {
						CreatedOnToolsVersion = 11.6;
					};
				};
			};
			buildConfigurationList = 9576955424EDEC460005107F /* Build configuration list for PBXProject "NasaAstroCalendar" */;
			compatibilityVersion = "Xcode 9.3";
			developmentRegion = en;
			hasScannedForEncodings = 0;
			knownRegions = (
				en,
				Base,
			);
			mainGroup = 9576955024EDEC460005107F;
			productRefGroup = 9576955A24EDEC460005107F /* Products */;
			projectDirPath = "";
			projectRoot = "";
			targets = (
				9576955824EDEC460005107F /* NasaAstroCalendar */,
			);
		};
/* End PBXProject section */

/* Begin PBXResourcesBuildPhase section */
		9576955724EDEC460005107F /* Resources */ = {
			isa = PBXResourcesBuildPhase;
			buildActionMask = 2147483647;
			files = (
				953FF8E324EF721800B33CA7 /* Main.storyboard in Resources */,
				9576956B24EDEC480005107F /* LaunchScreen.storyboard in Resources */,
				9576956824EDEC480005107F /* Assets.xcassets in Resources */,
			);
			runOnlyForDeploymentPostprocessing = 0;
		};
/* End PBXResourcesBuildPhase section */

/* Begin PBXSourcesBuildPhase section */
		9576955524EDEC460005107F /* Sources */ = {
			isa = PBXSourcesBuildPhase;
			buildActionMask = 2147483647;
			files = (
				9576955D24EDEC460005107F /* AppDelegate.swift in Sources */,
				9576955F24EDEC460005107F /* SceneDelegate.swift in Sources */,
				9576956124EDEC460005107F /* MasterViewController.swift in Sources */,
				9576957324EDF21E0005107F /* PhotoInfo.swift in Sources */,
				953FF8EB24EFA87800B33CA7 /* ImageViewController.swift in Sources */,
				95E1C43E24F3A2B000A6BC43 /* NetworkController.swift in Sources */,
				953FF8E924EFA7F800B33CA7 /* ImageDetailViewController.swift in Sources */,
			);
			runOnlyForDeploymentPostprocessing = 0;
		};
/* End PBXSourcesBuildPhase section */

/* Begin PBXVariantGroup section */
		953FF8E124EF721800B33CA7 /* Main.storyboard */ = {
			isa = PBXVariantGroup;
			children = (
				953FF8E224EF721800B33CA7 /* Base */,
			);
			name = Main.storyboard;
			sourceTree = "<group>";
		};
		9576956924EDEC480005107F /* LaunchScreen.storyboard */ = {
			isa = PBXVariantGroup;
			children = (
				9576956A24EDEC480005107F /* Base */,
			);
			name = LaunchScreen.storyboard;
			sourceTree = "<group>";
		};
/* End PBXVariantGroup section */

/* Begin XCBuildConfiguration section */
		9576956D24EDEC480005107F /* Debug */ = {
			isa = XCBuildConfiguration;
			buildSettings = {
				ALWAYS_SEARCH_USER_PATHS = NO;
				CLANG_ANALYZER_NONNULL = YES;
				CLANG_ANALYZER_NUMBER_OBJECT_CONVERSION = YES_AGGRESSIVE;
				CLANG_CXX_LANGUAGE_STANDARD = "gnu++14";
				CLANG_CXX_LIBRARY = "libc++";
				CLANG_ENABLE_MODULES = YES;
				CLANG_ENABLE_OBJC_ARC = YES;
				CLANG_ENABLE_OBJC_WEAK = YES;
				CLANG_WARN_BLOCK_CAPTURE_AUTORELEASING = YES;
				CLANG_WARN_BOOL_CONVERSION = YES;
				CLANG_WARN_COMMA = YES;
				CLANG_WARN_CONSTANT_CONVERSION = YES;
				CLANG_WARN_DEPRECATED_OBJC_IMPLEMENTATIONS = YES;
				CLANG_WARN_DIRECT_OBJC_ISA_USAGE = YES_ERROR;
				CLANG_WARN_DOCUMENTATION_COMMENTS = YES;
				CLANG_WARN_EMPTY_BODY = YES;
				CLANG_WARN_ENUM_CONVERSION = YES;
				CLANG_WARN_INFINITE_RECURSION = YES;
				CLANG_WARN_INT_CONVERSION = YES;
				CLANG_WARN_NON_LITERAL_NULL_CONVERSION = YES;
				CLANG_WARN_OBJC_IMPLICIT_RETAIN_SELF = YES;
				CLANG_WARN_OBJC_LITERAL_CONVERSION = YES;
				CLANG_WARN_OBJC_ROOT_CLASS = YES_ERROR;
				CLANG_WARN_RANGE_LOOP_ANALYSIS = YES;
				CLANG_WARN_STRICT_PROTOTYPES = YES;
				CLANG_WARN_SUSPICIOUS_MOVE = YES;
				CLANG_WARN_UNGUARDED_AVAILABILITY = YES_AGGRESSIVE;
				CLANG_WARN_UNREACHABLE_CODE = YES;
				CLANG_WARN__DUPLICATE_METHOD_MATCH = YES;
				COPY_PHASE_STRIP = NO;
				DEBUG_INFORMATION_FORMAT = dwarf;
				ENABLE_STRICT_OBJC_MSGSEND = YES;
				ENABLE_TESTABILITY = YES;
				GCC_C_LANGUAGE_STANDARD = gnu11;
				GCC_DYNAMIC_NO_PIC = NO;
				GCC_NO_COMMON_BLOCKS = YES;
				GCC_OPTIMIZATION_LEVEL = 0;
				GCC_PREPROCESSOR_DEFINITIONS = (
					"DEBUG=1",
					"$(inherited)",
				);
				GCC_WARN_64_TO_32_BIT_CONVERSION = YES;
				GCC_WARN_ABOUT_RETURN_TYPE = YES_ERROR;
				GCC_WARN_UNDECLARED_SELECTOR = YES;
				GCC_WARN_UNINITIALIZED_AUTOS = YES_AGGRESSIVE;
				GCC_WARN_UNUSED_FUNCTION = YES;
				GCC_WARN_UNUSED_VARIABLE = YES;
				IPHONEOS_DEPLOYMENT_TARGET = 13.6;
				MTL_ENABLE_DEBUG_INFO = INCLUDE_SOURCE;
				MTL_FAST_MATH = YES;
				ONLY_ACTIVE_ARCH = YES;
				SDKROOT = iphoneos;
				SWIFT_ACTIVE_COMPILATION_CONDITIONS = DEBUG;
				SWIFT_OPTIMIZATION_LEVEL = "-Onone";
			};
			name = Debug;
		};
		9576956E24EDEC480005107F /* Release */ = {
			isa = XCBuildConfiguration;
			buildSettings = {
				ALWAYS_SEARCH_USER_PATHS = NO;
				CLANG_ANALYZER_NONNULL = YES;
				CLANG_ANALYZER_NUMBER_OBJECT_CONVERSION = YES_AGGRESSIVE;
				CLANG_CXX_LANGUAGE_STANDARD = "gnu++14";
				CLANG_CXX_LIBRARY = "libc++";
				CLANG_ENABLE_MODULES = YES;
				CLANG_ENABLE_OBJC_ARC = YES;
				CLANG_ENABLE_OBJC_WEAK = YES;
				CLANG_WARN_BLOCK_CAPTURE_AUTORELEASING = YES;
				CLANG_WARN_BOOL_CONVERSION = YES;
				CLANG_WARN_COMMA = YES;
				CLANG_WARN_CONSTANT_CONVERSION = YES;
				CLANG_WARN_DEPRECATED_OBJC_IMPLEMENTATIONS = YES;
				CLANG_WARN_DIRECT_OBJC_ISA_USAGE = YES_ERROR;
				CLANG_WARN_DOCUMENTATION_COMMENTS = YES;
				CLANG_WARN_EMPTY_BODY = YES;
				CLANG_WARN_ENUM_CONVERSION = YES;
				CLANG_WARN_INFINITE_RECURSION = YES;
				CLANG_WARN_INT_CONVERSION = YES;
				CLANG_WARN_NON_LITERAL_NULL_CONVERSION = YES;
				CLANG_WARN_OBJC_IMPLICIT_RETAIN_SELF = YES;
				CLANG_WARN_OBJC_LITERAL_CONVERSION = YES;
				CLANG_WARN_OBJC_ROOT_CLASS = YES_ERROR;
				CLANG_WARN_RANGE_LOOP_ANALYSIS = YES;
				CLANG_WARN_STRICT_PROTOTYPES = YES;
				CLANG_WARN_SUSPICIOUS_MOVE = YES;
				CLANG_WARN_UNGUARDED_AVAILABILITY = YES_AGGRESSIVE;
				CLANG_WARN_UNREACHABLE_CODE = YES;
				CLANG_WARN__DUPLICATE_METHOD_MATCH = YES;
				COPY_PHASE_STRIP = NO;
				DEBUG_INFORMATION_FORMAT = "dwarf-with-dsym";
				ENABLE_NS_ASSERTIONS = NO;
				ENABLE_STRICT_OBJC_MSGSEND = YES;
				GCC_C_LANGUAGE_STANDARD = gnu11;
				GCC_NO_COMMON_BLOCKS = YES;
				GCC_WARN_64_TO_32_BIT_CONVERSION = YES;
				GCC_WARN_ABOUT_RETURN_TYPE = YES_ERROR;
				GCC_WARN_UNDECLARED_SELECTOR = YES;
				GCC_WARN_UNINITIALIZED_AUTOS = YES_AGGRESSIVE;
				GCC_WARN_UNUSED_FUNCTION = YES;
				GCC_WARN_UNUSED_VARIABLE = YES;
				IPHONEOS_DEPLOYMENT_TARGET = 13.6;
				MTL_ENABLE_DEBUG_INFO = NO;
				MTL_FAST_MATH = YES;
				SDKROOT = iphoneos;
				SWIFT_COMPILATION_MODE = wholemodule;
				SWIFT_OPTIMIZATION_LEVEL = "-O";
				VALIDATE_PRODUCT = YES;
			};
			name = Release;
		};
		9576957024EDEC480005107F /* Debug */ = {
			isa = XCBuildConfiguration;
			buildSettings = {
				ASSETCATALOG_COMPILER_APPICON_NAME = AppIcon;
				CODE_SIGN_STYLE = Automatic;
				INFOPLIST_FILE = NasaAstroCalendar/Info.plist;
				LD_RUNPATH_SEARCH_PATHS = (
					"$(inherited)",
					"@executable_path/Frameworks",
				);
				PRODUCT_BUNDLE_IDENTIFIER = "com.phai-inta.NasaAstroCalendar";
				PRODUCT_NAME = "$(TARGET_NAME)";
				SWIFT_VERSION = 5.0;
				TARGETED_DEVICE_FAMILY = "1,2";
			};
			name = Debug;
		};
		9576957124EDEC480005107F /* Release */ = {
			isa = XCBuildConfiguration;
			buildSettings = {
				ASSETCATALOG_COMPILER_APPICON_NAME = AppIcon;
				CODE_SIGN_STYLE = Automatic;
				INFOPLIST_FILE = NasaAstroCalendar/Info.plist;
				LD_RUNPATH_SEARCH_PATHS = (
					"$(inherited)",
					"@executable_path/Frameworks",
				);
				PRODUCT_BUNDLE_IDENTIFIER = "com.phai-inta.NasaAstroCalendar";
				PRODUCT_NAME = "$(TARGET_NAME)";
				SWIFT_VERSION = 5.0;
				TARGETED_DEVICE_FAMILY = "1,2";
			};
			name = Release;
		};
/* End XCBuildConfiguration section */

/* Begin XCConfigurationList section */
		9576955424EDEC460005107F /* Build configuration list for PBXProject "NasaAstroCalendar" */ = {
			isa = XCConfigurationList;
			buildConfigurations = (
				9576956D24EDEC480005107F /* Debug */,
				9576956E24EDEC480005107F /* Release */,
			);
			defaultConfigurationIsVisible = 0;
			defaultConfigurationName = Release;
		};
		9576956F24EDEC480005107F /* Build configuration list for PBXNativeTarget "NasaAstroCalendar" */ = {
			isa = XCConfigurationList;
			buildConfigurations = (
				9576957024EDEC480005107F /* Debug */,
				9576957124EDEC480005107F /* Release */,
			);
			defaultConfigurationIsVisible = 0;
			defaultConfigurationName = Release;
		};
/* End XCConfigurationList section */
	};
	rootObject = 9576955124EDEC460005107F /* Project object */;
}
